
Microsoft Visual Studio Solution File, Format Version 12.00
# Visual Studio Version 16
VisualStudioVersion = 16.0.30320.27
MinimumVisualStudioVersion = 10.0.40219.1
Project("{FAE04EC0-301F-11D3-BF4B-00C04F79EFBC}") = "CiscoIntegration", "CiscoIntegration.csproj", "{CBFEDB43-CAD5-47E6-954B-7DFDCD2B47EA}"
EndProject
Global
	GlobalSection(SolutionConfigurationPlatforms) = preSolution
		Debug|Any CPU = Debug|Any CPU
		Release|Any CPU = Release|Any CPU
	EndGlobalSection
	GlobalSection(ProjectConfigurationPlatforms) = postSolution
		{CBFEDB43-CAD5-47E6-954B-7DFDCD2B47EA}.Debug|Any CPU.ActiveCfg = Debug|Any CPU
		{CBFEDB43-CAD5-47E6-954B-7DFDCD2B47EA}.Debug|Any CPU.Build.0 = Debug|Any CPU
		{CBFEDB43-CAD5-47E6-954B-7DFDCD2B47EA}.Release|Any CPU.ActiveCfg = Release|Any CPU
		{CBFEDB43-CAD5-47E6-954B-7DFDCD2B47EA}.Release|Any CPU.Build.0 = Release|Any CPU
	EndGlobalSection
	GlobalSection(SolutionProperties) = preSolution
		HideSolutionNode = FALSE
	EndGlobalSection
	GlobalSection(ExtensibilityGlobals) = postSolution
		SolutionGuid = {7B8D5AE5-4C20-4168-91A9-920C84041476}
	EndGlobalSection
EndGlobal
